<Solution>
  <Project Path="src/GridTrading.Domain/GridTrading.Domain.csproj" />
  <Project Path="src/GridTrading.Api/GridTrading.Api.csproj" />
  <Project Path="tests/GridTrading.Domain.Tests/GridTrading.Domain.Tests.csproj" />
  <Project Path="tests/GridTrading.Api.Tests/GridTrading.Api.Tests.csproj" />
</Solution>
